// !$*UTF8*$!
{
	archiveVersion = 1;
	classes = {
	};
	objectVersion = 46;
	objects = {

/* Begin PBXBuildFile section */
		8A7FED9B1F69241E00512B79 /* main.m in Sources */ = {isa = PBXBuildFile; fileRef = 8A7FED9A1F69241E00512B79 /* main.m */; };
		8A7FED9E1F69241E00512B79 /* AppDelegate.m in Sources */ = {isa = PBXBuildFile; fileRef = 8A7FED9D1F69241E00512B79 /* AppDelegate.m */; };
		8A7FEDA11F69241E00512B79 /* ViewController.m in Sources */ = {isa = PBXBuildFile; fileRef = 8A7FEDA01F69241E00512B79 /* ViewController.m */; };
		8A7FEDA41F69241E00512B79 /* Main.storyboard in Resources */ = {isa = PBXBuildFile; fileRef = 8A7FEDA21F69241E00512B79 /* Main.storyboard */; };
		8A7FEDA61F69241E00512B79 /* Assets.xcassets in Resources */ = {isa = PBXBuildFile; fileRef = 8A7FEDA51F69241E00512B79 /* Assets.xcassets */; };
		8A7FEDA91F69241E00512B79 /* LaunchScreen.storyboard in Resources */ = {isa = PBXBuildFile; fileRef = 8A7FEDA71F69241E00512B79 /* LaunchScreen.storyboard */; };
		8A7FEDB21F69244600512B79 /* SZKDatePicker.m in Sources */ = {isa = PBXBuildFile; fileRef = 8A7FEDB11F69244600512B79 /* SZKDatePicker.m */; };
/* End PBXBuildFile section */

/* Begin PBXFileReference section */
		8A7FED961F69241E00512B79 /* SZKDatePicker.app */ = {isa = PBXFileReference; explicitFileType = wrapper.application; includeInIndex = 0; path = SZKDatePicker.app; sourceTree = BUILT_PRODUCTS_DIR; };
		8A7FED9A1F69241E00512B79 /* main.m */ = {isa = PBXFileReference; lastKnownFileType = sourcecode.c.objc; path = main.m; sourceTree = "<group>"; };
		8A7FED9C1F69241E00512B79 /* AppDelegate.h */ = {isa = PBXFileReference; lastKnownFileType = sourcecode.c.h; path = AppDelegate.h; sourceTree = "<group>"; };
		8A7FED9D1F69241E00512B79 /* AppDelegate.m */ = {isa = PBXFileReference; lastKnownFileType = sourcecode.c.objc; path = AppDelegate.m; sourceTree = "<group>"; };
		8A7FED9F1F69241E00512B79 /* ViewController.h */ = {isa = PBXFileReference; lastKnownFileType = sourcecode.c.h; path = ViewController.h; sourceTree = "<group>"; };
		8A7FEDA01F69241E00512B79 /* ViewController.m */ = {isa = PBXFileReference; lastKnownFileType = sourcecode.c.objc; path = ViewController.m; sourceTree = "<group>"; };
		8A7FEDA31F69241E00512B79 /* Base */ = {isa = PBXFileReference; lastKnownFileType = file.storyboard; name = Base; path = Base.lproj/Main.storyboard; sourceTree = "<group>"; };
		8A7FEDA51F69241E00512B79 /* Assets.xcassets */ = {isa = PBXFileReference; lastKnownFileType = folder.assetcatalog; path = Assets.xcassets; sourceTree = "<group>"; };
		8A7FEDA81F69241E00512B79 /* Base */ = {isa = PBXFileReference; lastKnownFileType = file.storyboard; name = Base; path = Base.lproj/LaunchScreen.storyboard; sourceTree = "<group>"; };
		8A7FEDAA1F69241E00512B79 /* Info.plist */ = {isa = PBXFileReference; lastKnownFileType = text.plist.xml; path = Info.plist; sourceTree = "<group>"; };
		8A7FEDB01F69244600512B79 /* SZKDatePicker.h */ = {isa = PBXFileReference; fileEncoding = 4; lastKnownFileType = sourcecode.c.h; path = SZKDatePicker.h; sourceTree = "<group>"; };
		8A7FEDB11F69244600512B79 /* SZKDatePicker.m */ = {isa = PBXFileReference; fileEncoding = 4; lastKnownFileType = sourcecode.c.objc; path = SZKDatePicker.m; sourceTree = "<group>"; };
/* End PBXFileReference section */

/* Begin PBXFrameworksBuildPhase section */
		8A7FED931F69241E00512B79 /* Frameworks */ = {
			isa = PBXFrameworksBuildPhase;
			buildActionMask = 2147483647;
			files = (
			);
			runOnlyForDeploymentPostprocessing = 0;
		};
/* End PBXFrameworksBuildPhase section */

/* Begin PBXGroup section */
		8A7FED8D1F69241E00512B79 = {
			isa = PBXGroup;
			children = (
				8A7FED981F69241E00512B79 /* SZKDatePicker */,
				8A7FED971F69241E00512B79 /* Products */,
			);
			sourceTree = "<group>";
		};
		8A7FED971F69241E00512B79 /* Products */ = {
			isa = PBXGroup;
			children = (
				8A7FED961F69241E00512B79 /* SZKDatePicker.app */,
			);
			name = Products;
			sourceTree = "<group>";
		};
		8A7FED981F69241E00512B79 /* SZKDatePicker */ = {
			isa = PBXGroup;
			children = (
				8A7FEDB01F69244600512B79 /* SZKDatePicker.h */,
				8A7FEDB11F69244600512B79 /* SZKDatePicker.m */,
				8A7FED991F69241E00512B79 /* Supporting Files */,
			);
			path = SZKDatePicker;
			sourceTree = "<group>";
		};
		8A7FED991F69241E00512B79 /* Supporting Files */ = {
			isa = PBXGroup;
			children = (
				8A7FED9C1F69241E00512B79 /* AppDelegate.h */,
				8A7FED9D1F69241E00512B79 /* AppDelegate.m */,
				8A7FED9F1F69241E00512B79 /* ViewController.h */,
				8A7FEDA01F69241E00512B79 /* ViewController.m */,
				8A7FEDA21F69241E00512B79 /* Main.storyboard */,
				8A7FEDA51F69241E00512B79 /* Assets.xcassets */,
				8A7FEDA71F69241E00512B79 /* LaunchScreen.storyboard */,
				8A7FEDAA1F69241E00512B79 /* Info.plist */,
				8A7FED9A1F69241E00512B79 /* main.m */,
			);
			name = "Supporting Files";
			sourceTree = "<group>";
		};
/* End PBXGroup section */

/* Begin PBXNativeTarget section */
		8A7FED951F69241E00512B79 /* SZKDatePicker */ = {
			isa = PBXNativeTarget;
			buildConfigurationList = 8A7FEDAD1F69241E00512B79 /* Build configuration list for PBXNativeTarget "SZKDatePicker" */;
			buildPhases = (
				8A7FED921F69241E00512B79 /* Sources */,
				8A7FED931F69241E00512B79 /* Frameworks */,
				8A7FED941F69241E00512B79 /* Resources */,
			);
			buildRules = (
			);
			dependencies = (
			);
			name = SZKDatePicker;
			productName = SZKDatePicker;
			productReference = 8A7FED961F69241E00512B79 /* SZKDatePicker.app */;
			productType = "com.apple.product-type.application";
		};
/* End PBXNativeTarget section */

/* Begin PBXProject section */
		8A7FED8E1F69241E00512B79 /* Project object */ = {
			isa = PBXProject;
			attributes = {
				LastUpgradeCheck = 0820;
				ORGANIZATIONNAME = "孙赵凯";
				TargetAttributes = {
					8A7FED951F69241E00512B79 = {
						CreatedOnToolsVersion = 8.2.1;
						DevelopmentTeam = EDPVC8D76U;
						ProvisioningStyle = Automatic;
					};
				};
			};
			buildConfigurationList = 8A7FED911F69241E00512B79 /* Build configuration list for PBXProject "SZKDatePicker" */;
			compatibilityVersion = "Xcode 3.2";
			developmentRegion = English;
			hasScannedForEncodings = 0;
			knownRegions = (
				en,
				Base,
			);
			mainGroup = 8A7FED8D1F69241E00512B79;
			productRefGroup = 8A7FED971F69241E00512B79 /* Products */;
			projectDirPath = "";
			projectRoot = "";
			targets = (
				8A7FED951F69241E00512B79 /* SZKDatePicker */,
			);
		};
/* End PBXProject section */

/* Begin PBXResourcesBuildPhase section */
		8A7FED941F69241E00512B79 /* Resources */ = {
			isa = PBXResourcesBuildPhase;
			buildActionMask = 2147483647;
			files = (
				8A7FEDA91F69241E00512B79 /* LaunchScreen.storyboard in Resources */,
				8A7FEDA61F69241E00512B79 /* Assets.xcassets in Resources */,
				8A7FEDA41F69241E00512B79 /* Main.storyboard in Resources */,
			);
			runOnlyForDeploymentPostprocessing = 0;
		};
/* End PBXResourcesBuildPhase section */

/* Begin PBXSourcesBuildPhase section */
		8A7FED921F69241E00512B79 /* Sources */ = {
			isa = PBXSourcesBuildPhase;
			buildActionMask = 2147483647;
			files = (
				8A7FEDA11F69241E00512B79 /* ViewController.m in Sources */,
				8A7FED9E1F69241E00512B79 /* AppDelegate.m in Sources */,
				8A7FEDB21F69244600512B79 /* SZKDatePicker.m in Sources */,
				8A7FED9B1F69241E00512B79 /* main.m in Sources */,
			);
			runOnlyForDeploymentPostprocessing = 0;
		};
/* End PBXSourcesBuildPhase section */

/* Begin PBXVariantGroup section */
		8A7FEDA21F69241E00512B79 /* Main.storyboard */ = {
			isa = PBXVariantGroup;
			children = (
				8A7FEDA31F69241E00512B79 /* Base */,
			);
			name = Main.storyboard;
			sourceTree = "<group>";
		};
		8A7FEDA71F69241E00512B79 /* LaunchScreen.storyboard */ = {
			isa = PBXVariantGroup;
			children = (
				8A7FEDA81F69241E00512B79 /* Base */,
			);
			name = LaunchScreen.storyboard;
			sourceTree = "<group>";
		};
/* End PBXVariantGroup section */

/* Begin XCBuildConfiguration section */
		8A7FEDAB1F69241E00512B79 /* Debug */ = {
			isa = XCBuildConfiguration;
			buildSettings = {
				ALWAYS_SEARCH_USER_PATHS = NO;
				CLANG_ANALYZER_NONNULL = YES;
				CLANG_CXX_LANGUAGE_STANDARD = "gnu++0x";
				CLANG_CXX_LIBRARY = "libc++";
				CLANG_ENABLE_MODULES = YES;
				CLANG_ENABLE_OBJC_ARC = YES;
				CLANG_WARN_BOOL_CONVERSION = YES;
				CLANG_WARN_CONSTANT_CONVERSION = YES;
				CLANG_WARN_DIRECT_OBJC_ISA_USAGE = YES_ERROR;
				CLANG_WARN_DOCUMENTATION_COMMENTS = YES;
				CLANG_WARN_EMPTY_BODY = YES;
				CLANG_WARN_ENUM_CONVERSION = YES;
				CLANG_WARN_INFINITE_RECURSION = YES;
				CLANG_WARN_INT_CONVERSION = YES;
				CLANG_WARN_OBJC_ROOT_CLASS = YES_ERROR;
				CLANG_WARN_SUSPICIOUS_MOVE = YES;
				CLANG_WARN_UNREACHABLE_CODE = YES;
				CLANG_WARN__DUPLICATE_METHOD_MATCH = YES;
				"CODE_SIGN_IDENTITY[sdk=iphoneos*]" = "iPhone Developer";
				COPY_PHASE_STRIP = NO;
				DEBUG_INFORMATION_FORMAT = dwarf;
				ENABLE_STRICT_OBJC_MSGSEND = YES;
				ENABLE_TESTABILITY = YES;
				GCC_C_LANGUAGE_STANDARD = gnu99;
				GCC_DYNAMIC_NO_PIC = NO;
				GCC_NO_COMMON_BLOCKS = YES;
				GCC_OPTIMIZATION_LEVEL = 0;
				GCC_PREPROCESSOR_DEFINITIONS = (
					"DEBUG=1",
					"$(inherited)",
				);
				GCC_WARN_64_TO_32_BIT_CONVERSION = YES;
				GCC_WARN_ABOUT_RETURN_TYPE = YES_ERROR;
				GCC_WARN_UNDECLARED_SELECTOR = YES;
				GCC_WARN_UNINITIALIZED_AUTOS = YES_AGGRESSIVE;
				GCC_WARN_UNUSED_FUNCTION = YES;
				GCC_WARN_UNUSED_VARIABLE = YES;
				IPHONEOS_DEPLOYMENT_TARGET = 10.2;
				MTL_ENABLE_DEBUG_INFO = YES;
				ONLY_ACTIVE_ARCH = YES;
				SDKROOT = iphoneos;
				TARGETED_DEVICE_FAMILY = "1,2";
			};
			name = Debug;
		};
		8A7FEDAC1F69241E00512B79 /* Release */ = {
			isa = XCBuildConfiguration;
			buildSettings = {
				ALWAYS_SEARCH_USER_PATHS = NO;
				CLANG_ANALYZER_NONNULL = YES;
				CLANG_CXX_LANGUAGE_STANDARD = "gnu++0x";
				CLANG_CXX_LIBRARY = "libc++";
				CLANG_ENABLE_MODULES = YES;
				CLANG_ENABLE_OBJC_ARC = YES;
				CLANG_WARN_BOOL_CONVERSION = YES;
				CLANG_WARN_CONSTANT_CONVERSION = YES;
				CLANG_WARN_DIRECT_OBJC_ISA_USAGE = YES_ERROR;
				CLANG_WARN_DOCUMENTATION_COMMENTS = YES;
				CLANG_WARN_EMPTY_BODY = YES;
				CLANG_WARN_ENUM_CONVERSION = YES;
				CLANG_WARN_INFINITE_RECURSION = YES;
				CLANG_WARN_INT_CONVERSION = YES;
				CLANG_WARN_OBJC_ROOT_CLASS = YES_ERROR;
				CLANG_WARN_SUSPICIOUS_MOVE = YES;
				CLANG_WARN_UNREACHABLE_CODE = YES;
				CLANG_WARN__DUPLICATE_METHOD_MATCH = YES;
				"CODE_SIGN_IDENTITY[sdk=iphoneos*]" = "iPhone Developer";
				COPY_PHASE_STRIP = NO;
				DEBUG_INFORMATION_FORMAT = "dwarf-with-dsym";
				ENABLE_NS_ASSERTIONS = NO;
				ENABLE_STRICT_OBJC_MSGSEND = YES;
				GCC_C_LANGUAGE_STANDARD = gnu99;
				GCC_NO_COMMON_BLOCKS = YES;
				GCC_WARN_64_TO_32_BIT_CONVERSION = YES;
				GCC_WARN_ABOUT_RETURN_TYPE = YES_ERROR;
				GCC_WARN_UNDECLARED_SELECTOR = YES;
				GCC_WARN_UNINITIALIZED_AUTOS = YES_AGGRESSIVE;
				GCC_WARN_UNUSED_FUNCTION = YES;
				GCC_WARN_UNUSED_VARIABLE = YES;
				IPHONEOS_DEPLOYMENT_TARGET = 10.2;
				MTL_ENABLE_DEBUG_INFO = NO;
				SDKROOT = iphoneos;
				TARGETED_DEVICE_FAMILY = "1,2";
				VALIDATE_PRODUCT = YES;
			};
			name = Release;
		};
		8A7FEDAE1F69241E00512B79 /* Debug */ = {
			isa = XCBuildConfiguration;
			buildSettings = {
				ASSETCATALOG_COMPILER_APPICON_NAME = AppIcon;
				DEVELOPMENT_TEAM = EDPVC8D76U;
				INFOPLIST_FILE = SZKDatePicker/Info.plist;
				LD_RUNPATH_SEARCH_PATHS = "$(inherited) @executable_path/Frameworks";
				PRODUCT_BUNDLE_IDENTIFIER = "---.SZKDatePicker";
				PRODUCT_NAME = "$(TARGET_NAME)";
			};
			name = Debug;
		};
		8A7FEDAF1F69241E00512B79 /* Release */ = {
			isa = XCBuildConfiguration;
			buildSettings = {
				ASSETCATALOG_COMPILER_APPICON_NAME = AppIcon;
				DEVELOPMENT_TEAM = EDPVC8D76U;
				INFOPLIST_FILE = SZKDatePicker/Info.plist;
				LD_RUNPATH_SEARCH_PATHS = "$(inherited) @executable_path/Frameworks";
				PRODUCT_BUNDLE_IDENTIFIER = "---.SZKDatePicker";
				PRODUCT_NAME = "$(TARGET_NAME)";
			};
			name = Release;
		};
/* End XCBuildConfiguration section */

/* Begin XCConfigurationList section */
		8A7FED911F69241E00512B79 /* Build configuration list for PBXProject "SZKDatePicker" */ = {
			isa = XCConfigurationList;
			buildConfigurations = (
				8A7FEDAB1F69241E00512B79 /* Debug */,
				8A7FEDAC1F69241E00512B79 /* Release */,
			);
			defaultConfigurationIsVisible = 0;
			defaultConfigurationName = Release;
		};
		8A7FEDAD1F69241E00512B79 /* Build configuration list for PBXNativeTarget "SZKDatePicker" */ = {
			isa = XCConfigurationList;
			buildConfigurations = (
				8A7FEDAE1F69241E00512B79 /* Debug */,
				8A7FEDAF1F69241E00512B79 /* Release */,
			);
			defaultConfigurationIsVisible = 0;
		};
/* End XCConfigurationList section */
	};
	rootObject = 8A7FED8E1F69241E00512B79 /* Project object */;
}
